# @generated - this file is auto-generated by `mise lock` https://mise.en.dev/dev-tools/mise-lock.html

[[tools."aqua:carvel-dev/imgpkg"]]
version = "0.48.1"
backend = "aqua:carvel-dev/imgpkg"

[tools."aqua:carvel-dev/imgpkg"."platforms.linux-arm64"]
checksum = "sha256:ce7243af30411581474ab86051774626b34c5b95ff1d030b3ee979ebddaf795d"
url = "https://github.com/carvel-dev/imgpkg/releases/download/v0.48.1/imgpkg-linux-arm64"
url_api = "https://api.github.com/repos/carvel-dev/imgpkg/releases/assets/435169225"

[tools."aqua:carvel-dev/imgpkg"."platforms.linux-arm64-musl"]
checksum = "sha256:ce7243af30411581474ab86051774626b34c5b95ff1d030b3ee979ebddaf795d"
url = "https://github.com/carvel-dev/imgpkg/releases/download/v0.48.1/imgpkg-linux-arm64"
url_api = "https://api.github.com/repos/carvel-dev/imgpkg/releases/assets/435169225"

[tools."aqua:carvel-dev/imgpkg"."platforms.linux-x64"]
checksum = "sha256:6c7a1a2e6555e7827c3c97580be87c84d06778d0650d308f7dc67613aec7c7c8"
url = "https://github.com/carvel-dev/imgpkg/releases/download/v0.48.1/imgpkg-linux-amd64"
url_api = "https://api.github.com/repos/carvel-dev/imgpkg/releases/assets/435169229"

[tools."aqua:carvel-dev/imgpkg"."platforms.linux-x64-musl"]
checksum = "sha256:6c7a1a2e6555e7827c3c97580be87c84d06778d0650d308f7dc67613aec7c7c8"
url = "https://github.com/carvel-dev/imgpkg/releases/download/v0.48.1/imgpkg-linux-amd64"
url_api = "https://api.github.com/repos/carvel-dev/imgpkg/releases/assets/435169229"

[tools."aqua:carvel-dev/imgpkg"."platforms.macos-arm64"]
checksum = "sha256:00635d53892afe1c36d134f8e67650e767d74e754cc460b68797977044582d7f"
url = "https://github.com/carvel-dev/imgpkg/releases/download/v0.48.1/imgpkg-darwin-arm64"
url_api = "https://api.github.com/repos/carvel-dev/imgpkg/releases/assets/435169228"

[tools."aqua:carvel-dev/imgpkg"."platforms.macos-x64"]
checksum = "sha256:db80447d06804162ba141689e1ca50cbbb59bb6355c1017f0838320e775ee2c7"
url = "https://github.com/carvel-dev/imgpkg/releases/download/v0.48.1/imgpkg-darwin-amd64"
url_api = "https://api.github.com/repos/carvel-dev/imgpkg/releases/assets/435169226"

[tools."aqua:carvel-dev/imgpkg"."platforms.windows-x64"]
checksum = "sha256:3a1640c36d8dd6ef8e0adbe1f2495b346ff4c31f060ee472271d4f56d89454eb"
url = "https://github.com/carvel-dev/imgpkg/releases/download/v0.48.1/imgpkg-windows-amd64.exe"
url_api = "https://api.github.com/repos/carvel-dev/imgpkg/releases/assets/435169256"

[[tools."aqua:carvel-dev/vendir"]]
version = "0.46.0"
backend = "aqua:carvel-dev/vendir"

[tools."aqua:carvel-dev/vendir"."platforms.linux-arm64"]
checksum = "sha256:f80a27f1247ad4353b6054ca9d7e13e2511bf70c0e28d85bc314d2177ec2b0d2"
url = "https://github.com/carvel-dev/vendir/releases/download/v0.46.0/vendir-linux-arm64"
url_api = "https://api.github.com/repos/carvel-dev/vendir/releases/assets/441967026"

[tools."aqua:carvel-dev/vendir"."platforms.linux-arm64-musl"]
checksum = "sha256:f80a27f1247ad4353b6054ca9d7e13e2511bf70c0e28d85bc314d2177ec2b0d2"
url = "https://github.com/carvel-dev/vendir/releases/download/v0.46.0/vendir-linux-arm64"
url_api = "https://api.github.com/repos/carvel-dev/vendir/releases/assets/441967026"

[tools."aqua:carvel-dev/vendir"."platforms.linux-x64"]
checksum = "sha256:878f3c77cae21b9b63d0ea6c11454c0008d41652d2eb3d1844fdcf69cca6ae9e"
url = "https://github.com/carvel-dev/vendir/releases/download/v0.46.0/vendir-linux-amd64"
url_api = "https://api.github.com/repos/carvel-dev/vendir/releases/assets/441967030"

[tools."aqua:carvel-dev/vendir"."platforms.linux-x64-musl"]
checksum = "sha256:878f3c77cae21b9b63d0ea6c11454c0008d41652d2eb3d1844fdcf69cca6ae9e"
url = "https://github.com/carvel-dev/vendir/releases/download/v0.46.0/vendir-linux-amd64"
url_api = "https://api.github.com/repos/carvel-dev/vendir/releases/assets/441967030"

[tools."aqua:carvel-dev/vendir"."platforms.macos-arm64"]
checksum = "sha256:e136160aa642231c6eb1df25cbe3e57e5f3848ac0a7e7de57bbc3249fdbd800f"
url = "https://github.com/carvel-dev/vendir/releases/download/v0.46.0/vendir-darwin-arm64"
url_api = "https://api.github.com/repos/carvel-dev/vendir/releases/assets/441967028"

[tools."aqua:carvel-dev/vendir"."platforms.macos-x64"]
checksum = "sha256:5b417c837b0134fabf2c4a322db054eacb8cfbe8d0e8cbbb86afc7e4f0d625fd"
url = "https://github.com/carvel-dev/vendir/releases/download/v0.46.0/vendir-darwin-amd64"
url_api = "https://api.github.com/repos/carvel-dev/vendir/releases/assets/441967041"

[tools."aqua:carvel-dev/vendir"."platforms.windows-x64"]
checksum = "sha256:781c0a9eafb86ddd88d078d29766f6afe5ec7b6b9a28efcb38c7a2424eb745f7"
url = "https://github.com/carvel-dev/vendir/releases/download/v0.46.0/vendir-windows-amd64.exe"
url_api = "https://api.github.com/repos/carvel-dev/vendir/releases/assets/441967027"

[[tools."aqua:casey/just"]]
version = "1.58.0"
backend = "aqua:casey/just"

[tools."aqua:casey/just"."platforms.linux-arm64"]
checksum = "sha256:748237128c4c40cbdabc65e841d05ceba13cc23a91eaba395495894c1d9764df"
url = "https://github.com/casey/just/releases/download/1.58.0/just-1.58.0-aarch64-unknown-linux-musl.tar.gz"
url_api = "https://api.github.com/repos/casey/just/releases/assets/500510099"

[tools."aqua:casey/just"."platforms.linux-arm64-musl"]
checksum = "sha256:748237128c4c40cbdabc65e841d05ceba13cc23a91eaba395495894c1d9764df"
url = "https://github.com/casey/just/releases/download/1.58.0/just-1.58.0-aarch64-unknown-linux-musl.tar.gz"
url_api = "https://api.github.com/repos/casey/just/releases/assets/500510099"

[tools."aqua:casey/just"."platforms.linux-x64"]
checksum = "sha256:4a5cc2f53e6f0f8c59092a6cc38291eb729d46a7dd95d3ae582008881b84931d"
url = "https://github.com/casey/just/releases/download/1.58.0/just-1.58.0-x86_64-unknown-linux-musl.tar.gz"
url_api = "https://api.github.com/repos/casey/just/releases/assets/500509978"

[tools."aqua:casey/just"."platforms.linux-x64-musl"]
checksum = "sha256:4a5cc2f53e6f0f8c59092a6cc38291eb729d46a7dd95d3ae582008881b84931d"
url = "https://github.com/casey/just/releases/download/1.58.0/just-1.58.0-x86_64-unknown-linux-musl.tar.gz"
url_api = "https://api.github.com/repos/casey/just/releases/assets/500509978"

[tools."aqua:casey/just"."platforms.macos-arm64"]
checksum = "sha256:50ae3e996c974a0bf32ea7d10f495070df33f1b43e0616b2769e3d4821ed8f48"
url = "https://github.com/casey/just/releases/download/1.58.0/just-1.58.0-aarch64-apple-darwin.tar.gz"
url_api = "https://api.github.com/repos/casey/just/releases/assets/500509965"

[tools."aqua:casey/just"."platforms.macos-x64"]
checksum = "sha256:9a09cfef66aaa79da58203970103a0684307716caaabd3e9844cacc4dc0f4023"
url = "https://github.com/casey/just/releases/download/1.58.0/just-1.58.0-x86_64-apple-darwin.tar.gz"
url_api = "https://api.github.com/repos/casey/just/releases/assets/500510084"

[tools."aqua:casey/just"."platforms.windows-x64"]
checksum = "sha256:759f16fb7aa17c5c8b9594b6d4a8c1a6630dfd042cf2b3ff84841454d3d188dc"
url = "https://github.com/casey/just/releases/download/1.58.0/just-1.58.0-x86_64-pc-windows-msvc.zip"
url_api = "https://api.github.com/repos/casey/just/releases/assets/500511374"

[[tools."aqua:cli/cli"]]
version = "2.97.0"
backend = "aqua:cli/cli"

[tools."aqua:cli/cli"."platforms.linux-arm64"]
checksum = "sha256:73ea440ecad9c9e284429997ee6f93577bc6f7bc6fba357ef62c53ad8fb641a5"
url = "https://github.com/cli/cli/releases/download/v2.97.0/gh_2.97.0_linux_arm64.tar.gz"
url_api = "https://api.github.com/repos/cli/cli/releases/assets/496108278"
provenance = "github-attestations"

[tools."aqua:cli/cli"."platforms.linux-arm64-musl"]
checksum = "sha256:73ea440ecad9c9e284429997ee6f93577bc6f7bc6fba357ef62c53ad8fb641a5"
url = "https://github.com/cli/cli/releases/download/v2.97.0/gh_2.97.0_linux_arm64.tar.gz"
url_api = "https://api.github.com/repos/cli/cli/releases/assets/496108278"
provenance = "github-attestations"

[tools."aqua:cli/cli"."platforms.linux-x64"]
checksum = "sha256:a2c9b8497e1f85b1ad0dfcb78b5a622e098801b8e461e459e88e1ee12f018112"
url = "https://github.com/cli/cli/releases/download/v2.97.0/gh_2.97.0_linux_amd64.tar.gz"
url_api = "https://api.github.com/repos/cli/cli/releases/assets/496108269"
provenance = "github-attestations"

[tools."aqua:cli/cli"."platforms.linux-x64-musl"]
checksum = "sha256:a2c9b8497e1f85b1ad0dfcb78b5a622e098801b8e461e459e88e1ee12f018112"
url = "https://github.com/cli/cli/releases/download/v2.97.0/gh_2.97.0_linux_amd64.tar.gz"
url_api = "https://api.github.com/repos/cli/cli/releases/assets/496108269"
provenance = "github-attestations"

[tools."aqua:cli/cli"."platforms.macos-arm64"]
checksum = "sha256:a58b8fd77b417a38f47a0b54d1370c59b0fcdb324ccc9ca002b0998f7c4c999e"
url = "https://github.com/cli/cli/releases/download/v2.97.0/gh_2.97.0_macOS_arm64.zip"
url_api = "https://api.github.com/repos/cli/cli/releases/assets/496108298"
provenance = "github-attestations"

[tools."aqua:cli/cli"."platforms.macos-x64"]
checksum = "sha256:63298c998cc2a924c9e254c6af6a1caad6ece281122687a91f079bc0a462700e"
url = "https://github.com/cli/cli/releases/download/v2.97.0/gh_2.97.0_macOS_amd64.zip"
url_api = "https://api.github.com/repos/cli/cli/releases/assets/496108300"
provenance = "github-attestations"

[tools."aqua:cli/cli"."platforms.windows-x64"]
checksum = "sha256:35d7fe05c4dd1411ffda1e73dfc7c6f44b75c936ca51fa6595c657fdc0350cec"
url = "https://github.com/cli/cli/releases/download/v2.97.0/gh_2.97.0_windows_amd64.zip"
url_api = "https://api.github.com/repos/cli/cli/releases/assets/496108319"
provenance = "github-attestations"

[[tools."aqua:evilmartians/lefthook"]]
version = "2.1.10"
backend = "aqua:evilmartians/lefthook"

[tools."aqua:evilmartians/lefthook"."platforms.linux-arm64"]
checksum = "sha256:6380a6ad6dd484466fd69bd83f24491d6ec27dc0b84e837be025620f7c4e11e3"
url = "https://github.com/evilmartians/lefthook/releases/download/v2.1.10/lefthook_2.1.10_Linux_aarch64.gz"
url_api = "https://api.github.com/repos/evilmartians/lefthook/releases/assets/470227512"
provenance = "github-attestations"

[tools."aqua:evilmartians/lefthook"."platforms.linux-arm64-musl"]
checksum = "sha256:6380a6ad6dd484466fd69bd83f24491d6ec27dc0b84e837be025620f7c4e11e3"
url = "https://github.com/evilmartians/lefthook/releases/download/v2.1.10/lefthook_2.1.10_Linux_aarch64.gz"
url_api = "https://api.github.com/repos/evilmartians/lefthook/releases/assets/470227512"
provenance = "github-attestations"

[tools."aqua:evilmartians/lefthook"."platforms.linux-x64"]
checksum = "sha256:0b14162a0bb2f0c64ae0759f6102f6e19c4d00981666a8ac73d4f5a6878ada4f"
url = "https://github.com/evilmartians/lefthook/releases/download/v2.1.10/lefthook_2.1.10_Linux_x86_64.gz"
url_api = "https://api.github.com/repos/evilmartians/lefthook/releases/assets/470227493"
provenance = "github-attestations"

[tools."aqua:evilmartians/lefthook"."platforms.linux-x64-musl"]
checksum = "sha256:0b14162a0bb2f0c64ae0759f6102f6e19c4d00981666a8ac73d4f5a6878ada4f"
url = "https://github.com/evilmartians/lefthook/releases/download/v2.1.10/lefthook_2.1.10_Linux_x86_64.gz"
url_api = "https://api.github.com/repos/evilmartians/lefthook/releases/assets/470227493"
provenance = "github-attestations"

[tools."aqua:evilmartians/lefthook"."platforms.macos-arm64"]
checksum = "sha256:1dd4dc7b4c50efb1f9d9122cd6535c793738d6e59751c228d49f768ec9dbb604"
url = "https://github.com/evilmartians/lefthook/releases/download/v2.1.10/lefthook_2.1.10_MacOS_arm64.gz"
url_api = "https://api.github.com/repos/evilmartians/lefthook/releases/assets/470227499"
provenance = "github-attestations"

[tools."aqua:evilmartians/lefthook"."platforms.macos-x64"]
checksum = "sha256:49d905f28ca46442cb236060058b252da650b5f7b864bd275b61aa46945e8c4a"
url = "https://github.com/evilmartians/lefthook/releases/download/v2.1.10/lefthook_2.1.10_MacOS_x86_64.gz"
url_api = "https://api.github.com/repos/evilmartians/lefthook/releases/assets/470227495"
provenance = "github-attestations"

[tools."aqua:evilmartians/lefthook"."platforms.windows-x64"]
checksum = "sha256:beabbce824641ae71229ed11dd8634f47148921cb649d25c90441b737481494a"
url = "https://github.com/evilmartians/lefthook/releases/download/v2.1.10/lefthook_2.1.10_Windows_x86_64.gz"
url_api = "https://api.github.com/repos/evilmartians/lefthook/releases/assets/470227505"
provenance = "github-attestations"

[[tools."aqua:gitleaks/gitleaks"]]
version = "8.30.1"
backend = "aqua:gitleaks/gitleaks"

[tools."aqua:gitleaks/gitleaks"."platforms.linux-arm64"]
checksum = "sha256:e4a487ee7ccd7d3a7f7ec08657610aa3606637dab924210b3aee62570fb4b080"
url = "https://github.com/gitleaks/gitleaks/releases/download/v8.30.1/gitleaks_8.30.1_linux_arm64.tar.gz"
url_api = "https://api.github.com/repos/gitleaks/gitleaks/releases/assets/378332057"

[tools."aqua:gitleaks/gitleaks"."platforms.linux-arm64-musl"]
checksum = "sha256:e4a487ee7ccd7d3a7f7ec08657610aa3606637dab924210b3aee62570fb4b080"
url = "https://github.com/gitleaks/gitleaks/releases/download/v8.30.1/gitleaks_8.30.1_linux_arm64.tar.gz"
url_api = "https://api.github.com/repos/gitleaks/gitleaks/releases/assets/378332057"

[tools."aqua:gitleaks/gitleaks"."platforms.linux-x64"]
checksum = "sha256:551f6fc83ea457d62a0d98237cbad105af8d557003051f41f3e7ca7b3f2470eb"
url = "https://github.com/gitleaks/gitleaks/releases/download/v8.30.1/gitleaks_8.30.1_linux_x64.tar.gz"
url_api = "https://api.github.com/repos/gitleaks/gitleaks/releases/assets/378332058"

[tools."aqua:gitleaks/gitleaks"."platforms.linux-x64-musl"]
checksum = "sha256:551f6fc83ea457d62a0d98237cbad105af8d557003051f41f3e7ca7b3f2470eb"
url = "https://github.com/gitleaks/gitleaks/releases/download/v8.30.1/gitleaks_8.30.1_linux_x64.tar.gz"
url_api = "https://api.github.com/repos/gitleaks/gitleaks/releases/assets/378332058"

[tools."aqua:gitleaks/gitleaks"."platforms.macos-arm64"]
checksum = "sha256:b40ab0ae55c505963e365f271a8d3846efbc170aa17f2607f13df610a9aeb6a5"
url = "https://github.com/gitleaks/gitleaks/releases/download/v8.30.1/gitleaks_8.30.1_darwin_arm64.tar.gz"
url_api = "https://api.github.com/repos/gitleaks/gitleaks/releases/assets/378332059"

[tools."aqua:gitleaks/gitleaks"."platforms.macos-x64"]
checksum = "sha256:dfe101a4db2255fc85120ac7f3d25e4342c3c20cf749f2c20a18081af1952709"
url = "https://github.com/gitleaks/gitleaks/releases/download/v8.30.1/gitleaks_8.30.1_darwin_x64.tar.gz"
url_api = "https://api.github.com/repos/gitleaks/gitleaks/releases/assets/378332053"

[tools."aqua:gitleaks/gitleaks"."platforms.windows-x64"]
checksum = "sha256:d29144deff3a68aa93ced33dddf84b7fdc26070add4aa0f4513094c8332afc4e"
url = "https://github.com/gitleaks/gitleaks/releases/download/v8.30.1/gitleaks_8.30.1_windows_x64.zip"
url_api = "https://api.github.com/repos/gitleaks/gitleaks/releases/assets/378333178"

[[tools."aqua:google/yamlfmt"]]
version = "0.21.0"
backend = "aqua:google/yamlfmt"

[tools."aqua:google/yamlfmt"."platforms.linux-arm64"]
checksum = "sha256:5b2689c963b177271330c5ce8ca7396751107e5a826be46f03d2cb9b6f0c7784"
url = "https://github.com/google/yamlfmt/releases/download/v0.21.0/yamlfmt_0.21.0_Linux_arm64.tar.gz"
url_api = "https://api.github.com/repos/google/yamlfmt/releases/assets/336650208"

[tools."aqua:google/yamlfmt"."platforms.linux-arm64-musl"]
checksum = "sha256:5b2689c963b177271330c5ce8ca7396751107e5a826be46f03d2cb9b6f0c7784"
url = "https://github.com/google/yamlfmt/releases/download/v0.21.0/yamlfmt_0.21.0_Linux_arm64.tar.gz"
url_api = "https://api.github.com/repos/google/yamlfmt/releases/assets/336650208"

[tools."aqua:google/yamlfmt"."platforms.linux-x64"]
checksum = "sha256:1f300d9257b232bb3b541d7fb1b0e6b3c121bcbab381c86cd38cb8722be8a566"
url = "https://github.com/google/yamlfmt/releases/download/v0.21.0/yamlfmt_0.21.0_Linux_x86_64.tar.gz"
url_api = "https://api.github.com/repos/google/yamlfmt/releases/assets/336650203"

[tools."aqua:google/yamlfmt"."platforms.linux-x64-musl"]
checksum = "sha256:1f300d9257b232bb3b541d7fb1b0e6b3c121bcbab381c86cd38cb8722be8a566"
url = "https://github.com/google/yamlfmt/releases/download/v0.21.0/yamlfmt_0.21.0_Linux_x86_64.tar.gz"
url_api = "https://api.github.com/repos/google/yamlfmt/releases/assets/336650203"

[tools."aqua:google/yamlfmt"."platforms.macos-arm64"]
checksum = "sha256:4b417ecb94339d57e4c122ecc948c1a00fe328b5853266de9806e652a92858fa"
url = "https://github.com/google/yamlfmt/releases/download/v0.21.0/yamlfmt_0.21.0_Darwin_arm64.tar.gz"
url_api = "https://api.github.com/repos/google/yamlfmt/releases/assets/336650209"

[tools."aqua:google/yamlfmt"."platforms.macos-x64"]
checksum = "sha256:060e943bcb8583c456810eb1ff4721b4f46c4a0c1a4432449d5dc3bbfe29a22b"
url = "https://github.com/google/yamlfmt/releases/download/v0.21.0/yamlfmt_0.21.0_Darwin_x86_64.tar.gz"
url_api = "https://api.github.com/repos/google/yamlfmt/releases/assets/336650207"

[tools."aqua:google/yamlfmt"."platforms.windows-x64"]
checksum = "sha256:07f80ce5d741eb4b0a9380ac78a19c7cb5bd44e2a9a47a5a04839e3ba54dd463"
url = "https://github.com/google/yamlfmt/releases/download/v0.21.0/yamlfmt_0.21.0_Windows_x86_64.tar.gz"
url_api = "https://api.github.com/repos/google/yamlfmt/releases/assets/336650206"

[[tools."aqua:koalaman/shellcheck"]]
version = "0.11.0"
backend = "aqua:koalaman/shellcheck"

[tools."aqua:koalaman/shellcheck"."platforms.linux-arm64"]
checksum = "sha256:12b331c1d2db6b9eb13cfca64306b1b157a86eb69db83023e261eaa7e7c14588"
url = "https://github.com/koalaman/shellcheck/releases/download/v0.11.0/shellcheck-v0.11.0.linux.aarch64.tar.xz"
url_api = "https://api.github.com/repos/koalaman/shellcheck/releases/assets/279056934"

[tools."aqua:koalaman/shellcheck"."platforms.linux-arm64-musl"]
checksum = "sha256:12b331c1d2db6b9eb13cfca64306b1b157a86eb69db83023e261eaa7e7c14588"
url = "https://github.com/koalaman/shellcheck/releases/download/v0.11.0/shellcheck-v0.11.0.linux.aarch64.tar.xz"
url_api = "https://api.github.com/repos/koalaman/shellcheck/releases/assets/279056934"

[tools."aqua:koalaman/shellcheck"."platforms.linux-x64"]
checksum = "sha256:8c3be12b05d5c177a04c29e3c78ce89ac86f1595681cab149b65b97c4e227198"
url = "https://github.com/koalaman/shellcheck/releases/download/v0.11.0/shellcheck-v0.11.0.linux.x86_64.tar.xz"
url_api = "https://api.github.com/repos/koalaman/shellcheck/releases/assets/279056942"

[tools."aqua:koalaman/shellcheck"."platforms.linux-x64-musl"]
checksum = "sha256:8c3be12b05d5c177a04c29e3c78ce89ac86f1595681cab149b65b97c4e227198"
url = "https://github.com/koalaman/shellcheck/releases/download/v0.11.0/shellcheck-v0.11.0.linux.x86_64.tar.xz"
url_api = "https://api.github.com/repos/koalaman/shellcheck/releases/assets/279056942"

[tools."aqua:koalaman/shellcheck"."platforms.macos-arm64"]
checksum = "sha256:56affdd8de5527894dca6dc3d7e0a99a873b0f004d7aabc30ae407d3f48b0a79"
url = "https://github.com/koalaman/shellcheck/releases/download/v0.11.0/shellcheck-v0.11.0.darwin.aarch64.tar.xz"
url_api = "https://api.github.com/repos/koalaman/shellcheck/releases/assets/279056932"

[tools."aqua:koalaman/shellcheck"."platforms.macos-x64"]
checksum = "sha256:3c89db4edcab7cf1c27bff178882e0f6f27f7afdf54e859fa041fca10febe4c6"
url = "https://github.com/koalaman/shellcheck/releases/download/v0.11.0/shellcheck-v0.11.0.darwin.x86_64.tar.xz"
url_api = "https://api.github.com/repos/koalaman/shellcheck/releases/assets/279056930"

[tools."aqua:koalaman/shellcheck"."platforms.windows-x64"]
checksum = "sha256:8a4e35ab0b331c85d73567b12f2a444df187f483e5079ceffa6bda1faa2e740e"
url = "https://github.com/koalaman/shellcheck/releases/download/v0.11.0/shellcheck-v0.11.0.zip"
url_api = "https://api.github.com/repos/koalaman/shellcheck/releases/assets/279056944"

[[tools."aqua:mikefarah/yq"]]
version = "4.53.3"
backend = "aqua:mikefarah/yq"

[tools."aqua:mikefarah/yq"."platforms.linux-arm64"]
checksum = "sha256:578648e463a11c1b6db6010cbf41eafed6bee79466fcffa1bb446672cf7945ea"
url = "https://github.com/mikefarah/yq/releases/download/v4.53.3/yq_linux_arm64"
url_api = "https://api.github.com/repos/mikefarah/yq/releases/assets/440146727"
provenance = "cosign"

[tools."aqua:mikefarah/yq"."platforms.linux-arm64-musl"]
checksum = "sha256:578648e463a11c1b6db6010cbf41eafed6bee79466fcffa1bb446672cf7945ea"
url = "https://github.com/mikefarah/yq/releases/download/v4.53.3/yq_linux_arm64"
url_api = "https://api.github.com/repos/mikefarah/yq/releases/assets/440146727"
provenance = "cosign"

[tools."aqua:mikefarah/yq"."platforms.linux-x64"]
checksum = "sha256:fa52a4e758c63d38299163fbdd1edfb4c4963247918bf9c1c5d31d84789eded4"
url = "https://github.com/mikefarah/yq/releases/download/v4.53.3/yq_linux_amd64"
url_api = "https://api.github.com/repos/mikefarah/yq/releases/assets/440146735"
provenance = "cosign"

[tools."aqua:mikefarah/yq"."platforms.linux-x64-musl"]
checksum = "sha256:fa52a4e758c63d38299163fbdd1edfb4c4963247918bf9c1c5d31d84789eded4"
url = "https://github.com/mikefarah/yq/releases/download/v4.53.3/yq_linux_amd64"
url_api = "https://api.github.com/repos/mikefarah/yq/releases/assets/440146735"
provenance = "cosign"

[tools."aqua:mikefarah/yq"."platforms.macos-arm64"]
checksum = "sha256:877de31753a4dd2401aa048937aa9a7fc4d5f6ce858cf31508c5802954297213"
url = "https://github.com/mikefarah/yq/releases/download/v4.53.3/yq_darwin_arm64"
url_api = "https://api.github.com/repos/mikefarah/yq/releases/assets/440146762"
provenance = "cosign"

[tools."aqua:mikefarah/yq"."platforms.macos-x64"]
checksum = "sha256:b4ba1ecce3c47f00803f4f964de38394326c7a32eb6540616e04fb2935a0f08d"
url = "https://github.com/mikefarah/yq/releases/download/v4.53.3/yq_darwin_amd64"
url_api = "https://api.github.com/repos/mikefarah/yq/releases/assets/440146744"
provenance = "cosign"

[tools."aqua:mikefarah/yq"."platforms.windows-x64"]
checksum = "sha256:e279bc506a452eeafcdf364f91a025455e402a8001169083caf01f4b64a544e2"
url = "https://github.com/mikefarah/yq/releases/download/v4.53.3/yq_windows_amd64.exe"
url_api = "https://api.github.com/repos/mikefarah/yq/releases/assets/440146721"
provenance = "cosign"

[[tools."aqua:oras-project/oras"]]
version = "1.3.3"
backend = "aqua:oras-project/oras"

[tools."aqua:oras-project/oras"."platforms.linux-arm64"]
checksum = "sha256:ac7156f93a21e903f7ad606c792f3560f17e0cd0e36365634701b1e7cc4e4eca"
url = "https://github.com/oras-project/oras/releases/download/v1.3.3/oras_1.3.3_linux_arm64.tar.gz"
url_api = "https://api.github.com/repos/oras-project/oras/releases/assets/472780865"

[tools."aqua:oras-project/oras"."platforms.linux-arm64-musl"]
checksum = "sha256:ac7156f93a21e903f7ad606c792f3560f17e0cd0e36365634701b1e7cc4e4eca"
url = "https://github.com/oras-project/oras/releases/download/v1.3.3/oras_1.3.3_linux_arm64.tar.gz"
url_api = "https://api.github.com/repos/oras-project/oras/releases/assets/472780865"

[tools."aqua:oras-project/oras"."platforms.linux-x64"]
checksum = "sha256:9ce999f8d2de03fc03968b29d743077a58783e545e5eaa53917ca177352d0e59"
url = "https://github.com/oras-project/oras/releases/download/v1.3.3/oras_1.3.3_linux_amd64.tar.gz"
url_api = "https://api.github.com/repos/oras-project/oras/releases/assets/472780866"

[tools."aqua:oras-project/oras"."platforms.linux-x64-musl"]
checksum = "sha256:9ce999f8d2de03fc03968b29d743077a58783e545e5eaa53917ca177352d0e59"
url = "https://github.com/oras-project/oras/releases/download/v1.3.3/oras_1.3.3_linux_amd64.tar.gz"
url_api = "https://api.github.com/repos/oras-project/oras/releases/assets/472780866"

[tools."aqua:oras-project/oras"."platforms.macos-arm64"]
checksum = "sha256:f33fc12753c54172b0d0d19eaa0318d3f90fe9b094d96e8b259c881713c92e1c"
url = "https://github.com/oras-project/oras/releases/download/v1.3.3/oras_1.3.3_darwin_arm64.tar.gz"
url_api = "https://api.github.com/repos/oras-project/oras/releases/assets/472780873"

[tools."aqua:oras-project/oras"."platforms.macos-x64"]
checksum = "sha256:aeb684d8c24c18dce28fd1f7326636e4782b573108e244a93d4b1c4a5ec50f48"
url = "https://github.com/oras-project/oras/releases/download/v1.3.3/oras_1.3.3_darwin_amd64.tar.gz"
url_api = "https://api.github.com/repos/oras-project/oras/releases/assets/472780864"

[tools."aqua:oras-project/oras"."platforms.windows-x64"]
checksum = "sha256:30ca213a565a450de33001dae83053db53c221e6674c5233dc3406b686657969"
url = "https://github.com/oras-project/oras/releases/download/v1.3.3/oras_1.3.3_windows_amd64.zip"
url_api = "https://api.github.com/repos/oras-project/oras/releases/assets/472780852"

[[tools."aqua:zizmorcore/zizmor"]]
version = "1.29.0"
backend = "aqua:zizmorcore/zizmor"

[tools."aqua:zizmorcore/zizmor"."platforms.linux-arm64"]
checksum = "sha256:415eaa7c0a06479a701b8e44a3e812c1047decc848ec4bede7bd6bbf49f22d20"
url = "https://github.com/zizmorcore/zizmor/releases/download/v1.29.0/zizmor-aarch64-unknown-linux-gnu.tar.gz"
url_api = "https://api.github.com/repos/zizmorcore/zizmor/releases/assets/498263143"
provenance = "github-attestations"

[tools."aqua:zizmorcore/zizmor"."platforms.linux-arm64-musl"]
provenance = "github-attestations"

[tools."aqua:zizmorcore/zizmor"."platforms.linux-x64"]
checksum = "sha256:dd96df044a6e8538d5f423790f453bdd03d49e5b2bcc38214acc41a2f1297839"
url = "https://github.com/zizmorcore/zizmor/releases/download/v1.29.0/zizmor-x86_64-unknown-linux-gnu.tar.gz"
url_api = "https://api.github.com/repos/zizmorcore/zizmor/releases/assets/498263145"
provenance = "github-attestations"

[tools."aqua:zizmorcore/zizmor"."platforms.linux-x64-musl"]
provenance = "github-attestations"

[tools."aqua:zizmorcore/zizmor"."platforms.macos-arm64"]
checksum = "sha256:720322fade9e83a9c7953944c438f2ba942636b86b96a8f0e6b15ce94c8a6b6f"
url = "https://github.com/zizmorcore/zizmor/releases/download/v1.29.0/zizmor-aarch64-apple-darwin.tar.gz"
url_api = "https://api.github.com/repos/zizmorcore/zizmor/releases/assets/498263141"
provenance = "github-attestations"

[tools."aqua:zizmorcore/zizmor"."platforms.macos-x64"]
checksum = "sha256:648b72ab9941a7f2a8d65d7b68a8e76cef789538c8df3a3950384d38423375b0"
url = "https://github.com/zizmorcore/zizmor/releases/download/v1.29.0/zizmor-x86_64-apple-darwin.tar.gz"
url_api = "https://api.github.com/repos/zizmorcore/zizmor/releases/assets/498263144"
provenance = "github-attestations"

[tools."aqua:zizmorcore/zizmor"."platforms.windows-x64"]
checksum = "sha256:68a6bc6888f10bf0d53658c75885e7c1b7a0588d4c1fbc3f0ca280ad7324bf06"
url = "https://github.com/zizmorcore/zizmor/releases/download/v1.29.0/zizmor-x86_64-pc-windows-msvc.zip"
url_api = "https://api.github.com/repos/zizmorcore/zizmor/releases/assets/498263142"
provenance = "github-attestations"

[[tools."github:adrienverge/yamllint"]]
version = "1.38.0"
backend = "github:adrienverge/yamllint"

[tools."github:adrienverge/yamllint"."platforms.linux-arm64"]
checksum = "sha256:09e5f29531daab93366bb061e76019d5e91691ef0a40328f04c927387d1d364d"
url = "https://github.com/adrienverge/yamllint/releases/download/v1.38.0/yamllint-1.38.0.tar.gz"
url_api = "https://api.github.com/repos/adrienverge/yamllint/releases/assets/339841231"

[tools."github:adrienverge/yamllint"."platforms.linux-arm64-musl"]
checksum = "sha256:09e5f29531daab93366bb061e76019d5e91691ef0a40328f04c927387d1d364d"
url = "https://github.com/adrienverge/yamllint/releases/download/v1.38.0/yamllint-1.38.0.tar.gz"
url_api = "https://api.github.com/repos/adrienverge/yamllint/releases/assets/339841231"

[tools."github:adrienverge/yamllint"."platforms.linux-x64"]
checksum = "sha256:09e5f29531daab93366bb061e76019d5e91691ef0a40328f04c927387d1d364d"
url = "https://github.com/adrienverge/yamllint/releases/download/v1.38.0/yamllint-1.38.0.tar.gz"
url_api = "https://api.github.com/repos/adrienverge/yamllint/releases/assets/339841231"

[tools."github:adrienverge/yamllint"."platforms.linux-x64-musl"]
checksum = "sha256:09e5f29531daab93366bb061e76019d5e91691ef0a40328f04c927387d1d364d"
url = "https://github.com/adrienverge/yamllint/releases/download/v1.38.0/yamllint-1.38.0.tar.gz"
url_api = "https://api.github.com/repos/adrienverge/yamllint/releases/assets/339841231"

[tools."github:adrienverge/yamllint"."platforms.macos-arm64"]
checksum = "sha256:09e5f29531daab93366bb061e76019d5e91691ef0a40328f04c927387d1d364d"
url = "https://github.com/adrienverge/yamllint/releases/download/v1.38.0/yamllint-1.38.0.tar.gz"
url_api = "https://api.github.com/repos/adrienverge/yamllint/releases/assets/339841231"

[tools."github:adrienverge/yamllint"."platforms.macos-x64"]
checksum = "sha256:09e5f29531daab93366bb061e76019d5e91691ef0a40328f04c927387d1d364d"
url = "https://github.com/adrienverge/yamllint/releases/download/v1.38.0/yamllint-1.38.0.tar.gz"
url_api = "https://api.github.com/repos/adrienverge/yamllint/releases/assets/339841231"

[tools."github:adrienverge/yamllint"."platforms.windows-x64"]
checksum = "sha256:09e5f29531daab93366bb061e76019d5e91691ef0a40328f04c927387d1d364d"
url = "https://github.com/adrienverge/yamllint/releases/download/v1.38.0/yamllint-1.38.0.tar.gz"
url_api = "https://api.github.com/repos/adrienverge/yamllint/releases/assets/339841231"

[[tools.node]]
version = "26.7.0"
backend = "core:node"

[tools.node."platforms.linux-arm64"]
checksum = "sha256:925aa6157dd37542d0d7f2e28b7bf61e7b39284411210b0498bc3788db4aef68"
url = "https://nodejs.org/dist/v26.7.0/node-v26.7.0-linux-arm64.tar.gz"

[tools.node."platforms.linux-arm64-musl"]
checksum = "sha256:1f16cc0f6febcb1bed1d4550306806dbcfbaf5c1bc2f44f3c5c8b5d22a4cc27a"
url = "https://unofficial-builds.nodejs.org/download/release/v26.7.0/node-v26.7.0-linux-arm64-musl.tar.gz"

[tools.node."platforms.linux-x64"]
checksum = "sha256:bd6b6c31e377bad9ad579bed72e5bc11f4c879ac9452ad51d30e646ea3d828df"
url = "https://nodejs.org/dist/v26.7.0/node-v26.7.0-linux-x64.tar.gz"

[tools.node."platforms.linux-x64-musl"]
checksum = "sha256:5dc0180e7684ede6fc9d9e6333da45686f4b5a7820729d33c68335b283337295"
url = "https://unofficial-builds.nodejs.org/download/release/v26.7.0/node-v26.7.0-linux-x64-musl.tar.gz"

[tools.node."platforms.macos-arm64"]
checksum = "sha256:7ee659a7768e641bbfd5360940660b8e8fd0052f77488f365562bac522fc15d4"
url = "https://nodejs.org/dist/v26.7.0/node-v26.7.0-darwin-arm64.tar.gz"

[tools.node."platforms.macos-x64"]
checksum = "sha256:f279d1ed28ce57f7788bf23435d2ad7fdd7438904ad5c4d8a1081a7cde3d4b96"
url = "https://nodejs.org/dist/v26.7.0/node-v26.7.0-darwin-x64.tar.gz"

[tools.node."platforms.windows-x64"]
checksum = "sha256:d3bd72755141ed32bbcd841228ee81897c8a98d50dfa7dae2179399a0a7c90f8"
url = "https://nodejs.org/dist/v26.7.0/node-v26.7.0-win-x64.zip"

[[tools."npm:@commitlint/cli"]]
version = "21.2.1"
backend = "npm:@commitlint/cli"

[[tools."npm:cspell"]]
version = "10.0.1"
backend = "npm:cspell"

[[tools."npm:markdownlint-cli2"]]
version = "0.23.2"
backend = "npm:markdownlint-cli2"

[[tools."npm:oxfmt"]]
version = "0.62.0"
backend = "npm:oxfmt"

[[tools.vendir]]
version = "0.46.0"
backend = "aqua:carvel-dev/vendir"

[tools.vendir."platforms.linux-arm64"]
checksum = "sha256:f80a27f1247ad4353b6054ca9d7e13e2511bf70c0e28d85bc314d2177ec2b0d2"
url = "https://github.com/carvel-dev/vendir/releases/download/v0.46.0/vendir-linux-arm64"
url_api = "https://api.github.com/repos/carvel-dev/vendir/releases/assets/441967026"

[tools.vendir."platforms.linux-arm64-musl"]
checksum = "sha256:f80a27f1247ad4353b6054ca9d7e13e2511bf70c0e28d85bc314d2177ec2b0d2"
url = "https://github.com/carvel-dev/vendir/releases/download/v0.46.0/vendir-linux-arm64"
url_api = "https://api.github.com/repos/carvel-dev/vendir/releases/assets/441967026"

[tools.vendir."platforms.linux-x64"]
checksum = "sha256:878f3c77cae21b9b63d0ea6c11454c0008d41652d2eb3d1844fdcf69cca6ae9e"
url = "https://github.com/carvel-dev/vendir/releases/download/v0.46.0/vendir-linux-amd64"
url_api = "https://api.github.com/repos/carvel-dev/vendir/releases/assets/441967030"

[tools.vendir."platforms.linux-x64-musl"]
checksum = "sha256:878f3c77cae21b9b63d0ea6c11454c0008d41652d2eb3d1844fdcf69cca6ae9e"
url = "https://github.com/carvel-dev/vendir/releases/download/v0.46.0/vendir-linux-amd64"
url_api = "https://api.github.com/repos/carvel-dev/vendir/releases/assets/441967030"

[tools.vendir."platforms.macos-arm64"]
checksum = "sha256:e136160aa642231c6eb1df25cbe3e57e5f3848ac0a7e7de57bbc3249fdbd800f"
url = "https://github.com/carvel-dev/vendir/releases/download/v0.46.0/vendir-darwin-arm64"
url_api = "https://api.github.com/repos/carvel-dev/vendir/releases/assets/441967028"

[tools.vendir."platforms.macos-x64"]
checksum = "sha256:5b417c837b0134fabf2c4a322db054eacb8cfbe8d0e8cbbb86afc7e4f0d625fd"
url = "https://github.com/carvel-dev/vendir/releases/download/v0.46.0/vendir-darwin-amd64"
url_api = "https://api.github.com/repos/carvel-dev/vendir/releases/assets/441967041"

[tools.vendir."platforms.windows-x64"]
checksum = "sha256:781c0a9eafb86ddd88d078d29766f6afe5ec7b6b9a28efcb38c7a2424eb745f7"
url = "https://github.com/carvel-dev/vendir/releases/download/v0.46.0/vendir-windows-amd64.exe"
url_api = "https://api.github.com/repos/carvel-dev/vendir/releases/assets/441967027"
